
Microsoft Visual Studio Solution File, Format Version 12.00
# Visual Studio Version 16
VisualStudioVersion = 16.0.31605.320
MinimumVisualStudioVersion = 10.0.40219.1
Project("{888888A0-9F3D-457C-B088-3A5042F75D52}") = "PlataformaPrediccionDiabetes", "PlataformaPrediccionDiabetes.pyproj", "{CF7A24D0-6F5B-45F4-A517-76E46BF2EDD0}"
EndProject
Global
	GlobalSection(SolutionConfigurationPlatforms) = preSolution
		Debug|Any CPU = Debug|Any CPU
		Release|Any CPU = Release|Any CPU
	EndGlobalSection
	GlobalSection(ProjectConfigurationPlatforms) = postSolution
		{CF7A24D0-6F5B-45F4-A517-76E46BF2EDD0}.Debug|Any CPU.ActiveCfg = Debug|Any CPU
		{CF7A24D0-6F5B-45F4-A517-76E46BF2EDD0}.Debug|Any CPU.Build.0 = Debug|Any CPU
		{CF7A24D0-6F5B-45F4-A517-76E46BF2EDD0}.Release|Any CPU.ActiveCfg = Release|Any CPU
		{CF7A24D0-6F5B-45F4-A517-76E46BF2EDD0}.Release|Any CPU.Build.0 = Release|Any CPU
	EndGlobalSection
	GlobalSection(SolutionProperties) = preSolution
		HideSolutionNode = FALSE
	EndGlobalSection
	GlobalSection(ExtensibilityGlobals) = postSolution
		SolutionGuid = {7A1178AD-B354-4F3E-8BE4-7E389D1159B6}
	EndGlobalSection
EndGlobal
